
Microsoft Visual Studio Solution File, Format Version 12.00
# Visual Studio Version 17
VisualStudioVersion = 17.4.33213.308
MinimumVisualStudioVersion = 10.0.40219.1
Project("{FAE04EC0-301F-11D3-BF4B-00C04F79EFBC}") = "Northwind.Entities", "Northwind.Entities\Northwind.Entities.csproj", "{E2BF5AE9-FCD8-46EE-9011-4A759E81D1E7}"
EndProject
Project("{FAE04EC0-301F-11D3-BF4B-00C04F79EFBC}") = "Northwind.DataAccess", "Northwind.DataAccess\Northwind.DataAccess.csproj", "{D3787813-F360-42CB-8624-3B1F0AEF6F12}"
EndProject
Project("{FAE04EC0-301F-11D3-BF4B-00C04F79EFBC}") = "Northwind.Business", "Northwind.Business\Northwind.Business.csproj", "{BAD1D9DD-7B26-480D-8B47-BB06E7AD875F}"
EndProject
Project("{FAE04EC0-301F-11D3-BF4B-00C04F79EFBC}") = "Northwind.WebFormsUI", "Northwind.WebFormsUI\Northwind.WebFormsUI.csproj", "{F94A462E-4B69-4F11-A10C-43945C1A056A}"
EndProject
Global
	GlobalSection(SolutionConfigurationPlatforms) = preSolution
		Debug|Any CPU = Debug|Any CPU
		Release|Any CPU = Release|Any CPU
	EndGlobalSection
	GlobalSection(ProjectConfigurationPlatforms) = postSolution
		{E2BF5AE9-FCD8-46EE-9011-4A759E81D1E7}.Debug|Any CPU.ActiveCfg = Debug|Any CPU
		{E2BF5AE9-FCD8-46EE-9011-4A759E81D1E7}.Debug|Any CPU.Build.0 = Debug|Any CPU
		{E2BF5AE9-FCD8-46EE-9011-4A759E81D1E7}.Release|Any CPU.ActiveCfg = Release|Any CPU
		{E2BF5AE9-FCD8-46EE-9011-4A759E81D1E7}.Release|Any CPU.Build.0 = Release|Any CPU
		{D3787813-F360-42CB-8624-3B1F0AEF6F12}.Debug|Any CPU.ActiveCfg = Debug|Any CPU
		{D3787813-F360-42CB-8624-3B1F0AEF6F12}.Debug|Any CPU.Build.0 = Debug|Any CPU
		{D3787813-F360-42CB-8624-3B1F0AEF6F12}.Release|Any CPU.ActiveCfg = Release|Any CPU
		{D3787813-F360-42CB-8624-3B1F0AEF6F12}.Release|Any CPU.Build.0 = Release|Any CPU
		{BAD1D9DD-7B26-480D-8B47-BB06E7AD875F}.Debug|Any CPU.ActiveCfg = Debug|Any CPU
		{BAD1D9DD-7B26-480D-8B47-BB06E7AD875F}.Debug|Any CPU.Build.0 = Debug|Any CPU
		{BAD1D9DD-7B26-480D-8B47-BB06E7AD875F}.Release|Any CPU.ActiveCfg = Release|Any CPU
		{BAD1D9DD-7B26-480D-8B47-BB06E7AD875F}.Release|Any CPU.Build.0 = Release|Any CPU
		{F94A462E-4B69-4F11-A10C-43945C1A056A}.Debug|Any CPU.ActiveCfg = Debug|Any CPU
		{F94A462E-4B69-4F11-A10C-43945C1A056A}.Debug|Any CPU.Build.0 = Debug|Any CPU
		{F94A462E-4B69-4F11-A10C-43945C1A056A}.Release|Any CPU.ActiveCfg = Release|Any CPU
		{F94A462E-4B69-4F11-A10C-43945C1A056A}.Release|Any CPU.Build.0 = Release|Any CPU
	EndGlobalSection
	GlobalSection(SolutionProperties) = preSolution
		HideSolutionNode = FALSE
	EndGlobalSection
	GlobalSection(ExtensibilityGlobals) = postSolution
		SolutionGuid = {999977DA-F4AB-40BE-A2A2-B95456185649}
	EndGlobalSection
EndGlobal
